{
  "name": "aurion72-ajaxform",
  "version": "2.0.0",
  "lockfileVersion": 1,
  "requires": true,
  "dependencies": {
    "gasparesganga-jquery-loading-overlay": {
      "version": "2.1.5",
      "resolved": "https://registry.npmjs.org/gasparesganga-jquery-loading-overlay/-/gasparesganga-jquery-loading-overlay-2.1.5.tgz",
      "integrity": "sha512-g1e4iXDJLnTls8rzYPxegnjpls4ZF4eFy4wTHLsTX2YmqqypnHU8gm9qXwcAZP2gIWoIqcxdlOHx5moUpWDZTg==",
      "requires": {
        "jquery": ">=1.7.0"
      }
    },
    "jquery": {
      "version": "3.3.1",
      "resolved": "https://registry.npmjs.org/jquery/-/jquery-3.3.1.tgz",
      "integrity": "sha512-Ubldcmxp5np52/ENotGxlLe6aGMvmF4R8S6tZjsP6Knsaxd/xp3Zrh50cG93lR6nPXyUFwzN3ZSOQI0wRJNdGg=="
    },
    "sweetalert2": {
      "version": "7.26.28",
      "resolved": "https://registry.npmjs.org/sweetalert2/-/sweetalert2-7.26.28.tgz",
      "integrity": "sha512-UVeTTixsniQVoXUYRFx4KO2c4kE7J86EIR+XewM4hgXdnBaHFuiO9z0cn8rMG7yVzprzAJc/poeC1lWh702cew=="
    }
  }
}
